
Microsoft Visual Studio Solution File, Format Version 12.00
# Visual Studio Version 16
VisualStudioVersion = 16.0.33529.622
MinimumVisualStudioVersion = 10.0.40219.1
Project("{FAE04EC0-301F-11D3-BF4B-00C04F79EFBC}") = "ivs.system", "ivs.system\ivs.system.csproj", "{F2C1631D-D83A-40BE-96C1-BB12CB029691}"
EndProject
Global
	GlobalSection(SolutionConfigurationPlatforms) = preSolution
		Debug|Any CPU = Debug|Any CPU
		Release|Any CPU = Release|Any CPU
	EndGlobalSection
	GlobalSection(ProjectConfigurationPlatforms) = postSolution
		{F2C1631D-D83A-40BE-96C1-BB12CB029691}.Debug|Any CPU.ActiveCfg = Debug|Any CPU
		{F2C1631D-D83A-40BE-96C1-BB12CB029691}.Debug|Any CPU.Build.0 = Debug|Any CPU
		{F2C1631D-D83A-40BE-96C1-BB12CB029691}.Release|Any CPU.ActiveCfg = Release|Any CPU
		{F2C1631D-D83A-40BE-96C1-BB12CB029691}.Release|Any CPU.Build.0 = Release|Any CPU
	EndGlobalSection
	GlobalSection(SolutionProperties) = preSolution
		HideSolutionNode = FALSE
	EndGlobalSection
	GlobalSection(ExtensibilityGlobals) = postSolution
		SolutionGuid = {2827DD9D-761C-4601-B23B-2824CA969969}
	EndGlobalSection
EndGlobal
